
Microsoft Visual Studio Solution File, Format Version 12.00
# Visual Studio Version 17
VisualStudioVersion = 17.9.34622.214
MinimumVisualStudioVersion = 10.0.40219.1
Project("{FAE04EC0-301F-11D3-BF4B-00C04F79EFBC}") = "CompanyEmployees", "CompanyEmployees\CompanyEmployees.csproj", "{4477724A-DCDA-4587-A679-C1E346CFEF70}"
EndProject
Project("{FAE04EC0-301F-11D3-BF4B-00C04F79EFBC}") = "Contracts", "Contracts\Contracts.csproj", "{DF4110AD-A21F-4945-B3F9-47D3948B1D5E}"
EndProject
Project("{FAE04EC0-301F-11D3-BF4B-00C04F79EFBC}") = "LoggerService", "LoggerService\LoggerService.csproj", "{6593A7A6-886A-46F3-A440-AF2F1847F84E}"
EndProject
Global
	GlobalSection(SolutionConfigurationPlatforms) = preSolution
		Debug|Any CPU = Debug|Any CPU
		Release|Any CPU = Release|Any CPU
	EndGlobalSection
	GlobalSection(ProjectConfigurationPlatforms) = postSolution
		{4477724A-DCDA-4587-A679-C1E346CFEF70}.Debug|Any CPU.ActiveCfg = Debug|Any CPU
		{4477724A-DCDA-4587-A679-C1E346CFEF70}.Debug|Any CPU.Build.0 = Debug|Any CPU
		{4477724A-DCDA-4587-A679-C1E346CFEF70}.Release|Any CPU.ActiveCfg = Release|Any CPU
		{4477724A-DCDA-4587-A679-C1E346CFEF70}.Release|Any CPU.Build.0 = Release|Any CPU
		{DF4110AD-A21F-4945-B3F9-47D3948B1D5E}.Debug|Any CPU.ActiveCfg = Debug|Any CPU
		{DF4110AD-A21F-4945-B3F9-47D3948B1D5E}.Debug|Any CPU.Build.0 = Debug|Any CPU
		{DF4110AD-A21F-4945-B3F9-47D3948B1D5E}.Release|Any CPU.ActiveCfg = Release|Any CPU
		{DF4110AD-A21F-4945-B3F9-47D3948B1D5E}.Release|Any CPU.Build.0 = Release|Any CPU
		{6593A7A6-886A-46F3-A440-AF2F1847F84E}.Debug|Any CPU.ActiveCfg = Debug|Any CPU
		{6593A7A6-886A-46F3-A440-AF2F1847F84E}.Debug|Any CPU.Build.0 = Debug|Any CPU
		{6593A7A6-886A-46F3-A440-AF2F1847F84E}.Release|Any CPU.ActiveCfg = Release|Any CPU
		{6593A7A6-886A-46F3-A440-AF2F1847F84E}.Release|Any CPU.Build.0 = Release|Any CPU
	EndGlobalSection
	GlobalSection(SolutionProperties) = preSolution
		HideSolutionNode = FALSE
	EndGlobalSection
	GlobalSection(ExtensibilityGlobals) = postSolution
		SolutionGuid = {E125AA07-8594-4E8A-8640-3AE599E07DA5}
	EndGlobalSection
EndGlobal
