
Microsoft Visual Studio Solution File, Format Version 12.00
# Visual Studio Version 17
VisualStudioVersion = 17.9.34622.214
MinimumVisualStudioVersion = 10.0.40219.1
Project("{9A19103F-16F7-4668-BE54-9A1E7A4F7556}") = "CompanyEmployees", "CompanyEmployees\CompanyEmployees.csproj", "{4477724A-DCDA-4587-A679-C1E346CFEF70}"
EndProject
Project("{9A19103F-16F7-4668-BE54-9A1E7A4F7556}") = "Contracts", "Contracts\Contracts.csproj", "{DF4110AD-A21F-4945-B3F9-47D3948B1D5E}"
EndProject
Project("{9A19103F-16F7-4668-BE54-9A1E7A4F7556}") = "LoggerService", "LoggerService\LoggerService.csproj", "{6593A7A6-886A-46F3-A440-AF2F1847F84E}"
EndProject
Project("{9A19103F-16F7-4668-BE54-9A1E7A4F7556}") = "Entities", "Entities\Entities.csproj", "{9170A639-C182-4864-AA90-04B71E711007}"
EndProject
Project("{9A19103F-16F7-4668-BE54-9A1E7A4F7556}") = "Repository", "Repository\Repository.csproj", "{C0F7E786-0DB9-4B4C-8DA0-10FA437E2C4A}"
EndProject
Project("{9A19103F-16F7-4668-BE54-9A1E7A4F7556}") = "Service.Contracts", "Service.Contracts\Service.Contracts.csproj", "{44354300-5719-4E4D-BF57-13757F5D09D5}"
EndProject
Project("{9A19103F-16F7-4668-BE54-9A1E7A4F7556}") = "Service", "Service\Service.csproj", "{AE6BE68E-F113-4200-BB1B-FF821E4756D2}"
EndProject
Project("{FAE04EC0-301F-11D3-BF4B-00C04F79EFBC}") = "CompanyEmployees.Presentation", "CompanyEmployees.Presentation\CompanyEmployees.Presentation.csproj", "{8597F847-960C-495F-9C49-244761DE7F85}"
EndProject
Global
	GlobalSection(SolutionConfigurationPlatforms) = preSolution
		Debug|Any CPU = Debug|Any CPU
		Release|Any CPU = Release|Any CPU
	EndGlobalSection
	GlobalSection(ProjectConfigurationPlatforms) = postSolution
		{4477724A-DCDA-4587-A679-C1E346CFEF70}.Debug|Any CPU.ActiveCfg = Debug|Any CPU
		{4477724A-DCDA-4587-A679-C1E346CFEF70}.Debug|Any CPU.Build.0 = Debug|Any CPU
		{4477724A-DCDA-4587-A679-C1E346CFEF70}.Release|Any CPU.ActiveCfg = Release|Any CPU
		{4477724A-DCDA-4587-A679-C1E346CFEF70}.Release|Any CPU.Build.0 = Release|Any CPU
		{DF4110AD-A21F-4945-B3F9-47D3948B1D5E}.Debug|Any CPU.ActiveCfg = Debug|Any CPU
		{DF4110AD-A21F-4945-B3F9-47D3948B1D5E}.Debug|Any CPU.Build.0 = Debug|Any CPU
		{DF4110AD-A21F-4945-B3F9-47D3948B1D5E}.Release|Any CPU.ActiveCfg = Release|Any CPU
		{DF4110AD-A21F-4945-B3F9-47D3948B1D5E}.Release|Any CPU.Build.0 = Release|Any CPU
		{6593A7A6-886A-46F3-A440-AF2F1847F84E}.Debug|Any CPU.ActiveCfg = Debug|Any CPU
		{6593A7A6-886A-46F3-A440-AF2F1847F84E}.Debug|Any CPU.Build.0 = Debug|Any CPU
		{6593A7A6-886A-46F3-A440-AF2F1847F84E}.Release|Any CPU.ActiveCfg = Release|Any CPU
		{6593A7A6-886A-46F3-A440-AF2F1847F84E}.Release|Any CPU.Build.0 = Release|Any CPU
		{9170A639-C182-4864-AA90-04B71E711007}.Debug|Any CPU.ActiveCfg = Debug|Any CPU
		{9170A639-C182-4864-AA90-04B71E711007}.Debug|Any CPU.Build.0 = Debug|Any CPU
		{9170A639-C182-4864-AA90-04B71E711007}.Release|Any CPU.ActiveCfg = Release|Any CPU
		{9170A639-C182-4864-AA90-04B71E711007}.Release|Any CPU.Build.0 = Release|Any CPU
		{C0F7E786-0DB9-4B4C-8DA0-10FA437E2C4A}.Debug|Any CPU.ActiveCfg = Debug|Any CPU
		{C0F7E786-0DB9-4B4C-8DA0-10FA437E2C4A}.Debug|Any CPU.Build.0 = Debug|Any CPU
		{C0F7E786-0DB9-4B4C-8DA0-10FA437E2C4A}.Release|Any CPU.ActiveCfg = Release|Any CPU
		{C0F7E786-0DB9-4B4C-8DA0-10FA437E2C4A}.Release|Any CPU.Build.0 = Release|Any CPU
		{44354300-5719-4E4D-BF57-13757F5D09D5}.Debug|Any CPU.ActiveCfg = Debug|Any CPU
		{44354300-5719-4E4D-BF57-13757F5D09D5}.Debug|Any CPU.Build.0 = Debug|Any CPU
		{44354300-5719-4E4D-BF57-13757F5D09D5}.Release|Any CPU.ActiveCfg = Release|Any CPU
		{44354300-5719-4E4D-BF57-13757F5D09D5}.Release|Any CPU.Build.0 = Release|Any CPU
		{AE6BE68E-F113-4200-BB1B-FF821E4756D2}.Debug|Any CPU.ActiveCfg = Debug|Any CPU
		{AE6BE68E-F113-4200-BB1B-FF821E4756D2}.Debug|Any CPU.Build.0 = Debug|Any CPU
		{AE6BE68E-F113-4200-BB1B-FF821E4756D2}.Release|Any CPU.ActiveCfg = Release|Any CPU
		{AE6BE68E-F113-4200-BB1B-FF821E4756D2}.Release|Any CPU.Build.0 = Release|Any CPU
		{8597F847-960C-495F-9C49-244761DE7F85}.Debug|Any CPU.ActiveCfg = Debug|Any CPU
		{8597F847-960C-495F-9C49-244761DE7F85}.Debug|Any CPU.Build.0 = Debug|Any CPU
		{8597F847-960C-495F-9C49-244761DE7F85}.Release|Any CPU.ActiveCfg = Release|Any CPU
		{8597F847-960C-495F-9C49-244761DE7F85}.Release|Any CPU.Build.0 = Release|Any CPU
	EndGlobalSection
	GlobalSection(SolutionProperties) = preSolution
		HideSolutionNode = FALSE
	EndGlobalSection
	GlobalSection(ExtensibilityGlobals) = postSolution
		SolutionGuid = {E125AA07-8594-4E8A-8640-3AE599E07DA5}
	EndGlobalSection
EndGlobal
